{
    "_readme": [
        "This file locks the dependencies of your project to a known state",
        "Read more about it at https://getcomposer.org/doc/01-basic-usage.md#installing-dependencies",
        "This file is @generated automatically"
    ],
    "content-hash": "5cffa2096256d965b5bbedcd5a7b515b",
    "packages": [
        {
            "name": "karriere/pdf-merge",
            "version": "v3.3.1",
            "source": {
                "type": "git",
                "url": "https://github.com/karriereat/pdf-merge.git",
                "reference": "d524a9d261ea96b18bbbab685b5710a7a0fe3a6e"
            },
            "dist": {
                "type": "zip",
                "url": "https://api.github.com/repos/karriereat/pdf-merge/zipball/d524a9d261ea96b18bbbab685b5710a7a0fe3a6e",
                "reference": "d524a9d261ea96b18bbbab685b5710a7a0fe3a6e",
                "shasum": ""
            },
            "require": {
                "php": "8.1.* | 8.2.* | 8.3.* | 8.4.*",
                "tecnickcom/tcpdf": "^6.3"
            },
            "require-dev": {
                "laravel/pint": "^1.5 | ^1.6",
                "pestphp/pest": "^1.22",
                "phpstan/phpstan": "^1.10"
            },
            "type": "library",
            "autoload": {
                "psr-4": {
                    "Karriere\\PdfMerge\\": "src/"
                },
                "classmap": [
                    "tcpi/fpdf_tpl.php",
                    "tcpi/tcpdi.php",
                    "tcpi/tcpdi_parser.php"
                ]
            },
            "notification-url": "https://packagist.org/downloads/",
            "license": [
                "Apache-2.0"
            ],
            "authors": [
                {
                    "name": "Alexander Lentner",
                    "email": "alexander.lentner@karriere.at",
                    "role": "Maintainer"
                }
            ],
            "description": "A wrapper for the TCPDF class that provides an elegant API for merging PDFs",
            "keywords": [
                "merge",
                "pdf"
            ],
            "support": {
                "issues": "https://github.com/karriereat/pdf-merge/issues",
                "source": "https://github.com/karriereat/pdf-merge/tree/v3.3.1"
            },
            "time": "2025-02-19T11:02:10+00:00"
        },
        {
            "name": "phrity/comparison",
            "version": "1.4.0",
            "source": {
                "type": "git",
                "url": "https://github.com/sirn-se/phrity-comparison.git",
                "reference": "aedd44d59db08de7d6c31812d1490c22aab35c92"
            },
            "dist": {
                "type": "zip",
                "url": "https://api.github.com/repos/sirn-se/phrity-comparison/zipball/aedd44d59db08de7d6c31812d1490c22aab35c92",
                "reference": "aedd44d59db08de7d6c31812d1490c22aab35c92",
                "shasum": ""
            },
            "require": {
                "php": "^8.1"
            },
            "require-dev": {
                "php-coveralls/php-coveralls": "^2.0",
                "phpstan/phpstan": "^2.0",
                "phpunit/phpunit": "^10.0 | ^11.0  | ^12.0",
                "squizlabs/php_codesniffer": "^3.5"
            },
            "type": "library",
            "autoload": {
                "psr-4": {
                    "Phrity\\Comparison\\": "src/"
                }
            },
            "notification-url": "https://packagist.org/downloads/",
            "license": [
                "MIT"
            ],
            "authors": [
                {
                    "name": "Sören Jensen",
                    "email": "sirn@sirn.se",
                    "homepage": "https://phrity.sirn.se"
                }
            ],
            "description": "Interfaces and helper trait for comparing objects. Comparator for sort and filter applications.",
            "homepage": "https://phrity.sirn.se/comparison",
            "keywords": [
                "comparable",
                "comparator",
                "comparison",
                "equalable",
                "filter",
                "sort"
            ],
            "support": {
                "issues": "https://github.com/sirn-se/phrity-comparison/issues",
                "source": "https://github.com/sirn-se/phrity-comparison/tree/1.4.0"
            },
            "time": "2025-05-26T20:12:39+00:00"
        },
        {
            "name": "phrity/http",
            "version": "1.0.0",
            "source": {
                "type": "git",
                "url": "https://github.com/sirn-se/phrity-http.git",
                "reference": "536e3e46e6220d171a59599ed1f4da9f6b6244fc"
            },
            "dist": {
                "type": "zip",
                "url": "https://api.github.com/repos/sirn-se/phrity-http/zipball/536e3e46e6220d171a59599ed1f4da9f6b6244fc",
                "reference": "536e3e46e6220d171a59599ed1f4da9f6b6244fc",
                "shasum": ""
            },
            "require": {
                "php": "^8.1",
                "psr/http-factory": "^1.0",
                "psr/http-message": "^1.1 | ^2.0"
            },
            "require-dev": {
                "guzzlehttp/psr7": "^2.0",
                "phpstan/phpstan": "^2.0",
                "phpunit/phpunit": "^10.0 | ^11.0  | ^12.0",
                "robiningelbrecht/phpunit-coverage-tools": "^1.9",
                "squizlabs/php_codesniffer": "^3.5"
            },
            "type": "library",
            "autoload": {
                "psr-4": {
                    "Phrity\\Http\\": "src/"
                }
            },
            "notification-url": "https://packagist.org/downloads/",
            "license": [
                "MIT"
            ],
            "authors": [
                {
                    "name": "Sören Jensen",
                    "email": "sirn@sirn.se",
                    "homepage": "https://phrity.sirn.se"
                }
            ],
            "description": "Utilities and interfaces for handling HTTP.",
            "homepage": "https://phrity.sirn.se/http",
            "keywords": [
                "HTTP Factories",
                "http",
                "psr-17"
            ],
            "support": {
                "issues": "https://github.com/sirn-se/phrity-http/issues",
                "source": "https://github.com/sirn-se/phrity-http/tree/1.0.0"
            },
            "time": "2025-09-07T17:04:26+00:00"
        },
        {
            "name": "phrity/net-stream",
            "version": "2.3.1",
            "source": {
                "type": "git",
                "url": "https://github.com/sirn-se/phrity-net-stream.git",
                "reference": "c621bb3108a5a02bba64df2e5f0cd7ada02665b5"
            },
            "dist": {
                "type": "zip",
                "url": "https://api.github.com/repos/sirn-se/phrity-net-stream/zipball/c621bb3108a5a02bba64df2e5f0cd7ada02665b5",
                "reference": "c621bb3108a5a02bba64df2e5f0cd7ada02665b5",
                "shasum": ""
            },
            "require": {
                "php": "^8.1",
                "phrity/util-errorhandler": "^1.1",
                "psr/http-factory": "^1.0",
                "psr/http-message": "^1.1 | ^2.0"
            },
            "require-dev": {
                "php-coveralls/php-coveralls": "^2.0",
                "phpstan/phpstan": "^2.0",
                "phpunit/phpunit": "^10.0 | ^11.0  | ^12.0",
                "phrity/net-uri": "^2.0",
                "squizlabs/php_codesniffer": "^3.5"
            },
            "type": "library",
            "autoload": {
                "psr-4": {
                    "Phrity\\Net\\": "src/"
                }
            },
            "notification-url": "https://packagist.org/downloads/",
            "license": [
                "MIT"
            ],
            "authors": [
                {
                    "name": "Sören Jensen",
                    "email": "sirn@sirn.se",
                    "homepage": "https://phrity.sirn.se"
                }
            ],
            "description": "Socket stream classes implementing PSR-7 Stream and PSR-17 StreamFactory",
            "homepage": "https://phrity.sirn.se/net-stream",
            "keywords": [
                "Socket",
                "client",
                "psr-17",
                "psr-7",
                "server",
                "stream",
                "stream factory"
            ],
            "support": {
                "issues": "https://github.com/sirn-se/phrity-net-stream/issues",
                "source": "https://github.com/sirn-se/phrity-net-stream/tree/2.3.1"
            },
            "time": "2025-08-08T09:51:04+00:00"
        },
        {
            "name": "phrity/net-uri",
            "version": "2.2.0",
            "source": {
                "type": "git",
                "url": "https://github.com/sirn-se/phrity-net-uri.git",
                "reference": "08de4cf07e439c4708f572249659f09198ac99f0"
            },
            "dist": {
                "type": "zip",
                "url": "https://api.github.com/repos/sirn-se/phrity-net-uri/zipball/08de4cf07e439c4708f572249659f09198ac99f0",
                "reference": "08de4cf07e439c4708f572249659f09198ac99f0",
                "shasum": ""
            },
            "require": {
                "ext-mbstring": "*",
                "php": "^8.1",
                "phrity/comparison": "^1.0",
                "psr/http-factory": "^1.0",
                "psr/http-message": "^1.1 | ^2.0"
            },
            "require-dev": {
                "php-coveralls/php-coveralls": "^2.0",
                "phpstan/phpstan": "^2.0",
                "phpunit/phpunit": "^10.0 | ^11.0  | ^12.0",
                "phrity/util-errorhandler": "^1.1",
                "squizlabs/php_codesniffer": "^3.5"
            },
            "suggest": {
                "ext-intl": "Enables IDN conversion for non-ASCII domains"
            },
            "type": "library",
            "autoload": {
                "psr-4": {
                    "Phrity\\Net\\": "src/"
                }
            },
            "notification-url": "https://packagist.org/downloads/",
            "license": [
                "MIT"
            ],
            "authors": [
                {
                    "name": "Sören Jensen",
                    "email": "sirn@sirn.se",
                    "homepage": "https://phrity.sirn.se"
                }
            ],
            "description": "PSR-7 Uri and PSR-17 UriFactory implementation",
            "homepage": "https://phrity.sirn.se/net-uri",
            "keywords": [
                "psr-17",
                "psr-7",
                "uri",
                "uri factory"
            ],
            "support": {
                "issues": "https://github.com/sirn-se/phrity-net-uri/issues",
                "source": "https://github.com/sirn-se/phrity-net-uri/tree/2.2.0"
            },
            "time": "2025-05-25T13:05:13+00:00"
        },
        {
            "name": "phrity/util-errorhandler",
            "version": "1.2.1",
            "source": {
                "type": "git",
                "url": "https://github.com/sirn-se/phrity-util-errorhandler.git",
                "reference": "9825f15ef9b4a93252ce53ca8962278832d834da"
            },
            "dist": {
                "type": "zip",
                "url": "https://api.github.com/repos/sirn-se/phrity-util-errorhandler/zipball/9825f15ef9b4a93252ce53ca8962278832d834da",
                "reference": "9825f15ef9b4a93252ce53ca8962278832d834da",
                "shasum": ""
            },
            "require": {
                "php": "^8.1"
            },
            "require-dev": {
                "php-coveralls/php-coveralls": "^2.0",
                "phpstan/phpstan": "^2.0",
                "phpunit/phpunit": "^10.0 | ^11.0  | ^12.0",
                "squizlabs/php_codesniffer": "^3.5"
            },
            "type": "library",
            "autoload": {
                "psr-4": {
                    "Phrity\\Util\\": "src/"
                }
            },
            "notification-url": "https://packagist.org/downloads/",
            "license": [
                "MIT"
            ],
            "authors": [
                {
                    "name": "Sören Jensen",
                    "email": "sirn@sirn.se",
                    "homepage": "https://phrity.sirn.se"
                }
            ],
            "description": "Inline error handler; catch and resolve errors for code block.",
            "homepage": "https://phrity.sirn.se/util-errorhandler",
            "keywords": [
                "error",
                "warning"
            ],
            "support": {
                "issues": "https://github.com/sirn-se/phrity-util-errorhandler/issues",
                "source": "https://github.com/sirn-se/phrity-util-errorhandler/tree/1.2.1"
            },
            "time": "2025-08-08T09:48:45+00:00"
        },
        {
            "name": "phrity/websocket",
            "version": "3.6.0",
            "source": {
                "type": "git",
                "url": "https://github.com/sirn-se/websocket-php.git",
                "reference": "3f16b2564a230bbce716cccaff2f6156a60a8798"
            },
            "dist": {
                "type": "zip",
                "url": "https://api.github.com/repos/sirn-se/websocket-php/zipball/3f16b2564a230bbce716cccaff2f6156a60a8798",
                "reference": "3f16b2564a230bbce716cccaff2f6156a60a8798",
                "shasum": ""
            },
            "require": {
                "php": "^8.1",
                "phrity/http": "^1.0",
                "phrity/net-stream": "^2.3",
                "phrity/net-uri": "^2.1",
                "psr/http-message": "^1.1 | ^2.0",
                "psr/log": "^1.0 | ^2.0 | ^3.0"
            },
            "require-dev": {
                "guzzlehttp/psr7": "^2.0",
                "php-coveralls/php-coveralls": "^2.0",
                "phpstan/phpstan": "^2.0",
                "phpunit/phpunit": "^10.0 | ^11.0 | ^12.0",
                "phrity/logger-console": "^1.0",
                "phrity/net-mock": "^2.3",
                "phrity/util-errorhandler": "^1.1",
                "robiningelbrecht/phpunit-coverage-tools": "^1.9",
                "squizlabs/php_codesniffer": "^3.5"
            },
            "type": "library",
            "autoload": {
                "psr-4": {
                    "WebSocket\\": "src/"
                }
            },
            "notification-url": "https://packagist.org/downloads/",
            "license": [
                "ISC"
            ],
            "authors": [
                {
                    "name": "Fredrik Liljegren"
                },
                {
                    "name": "Sören Jensen",
                    "email": "sirn@sirn.se",
                    "homepage": "https://phrity.sirn.se"
                }
            ],
            "description": "WebSocket client and server",
            "homepage": "https://phrity.sirn.se/websocket",
            "keywords": [
                "client",
                "server",
                "websocket"
            ],
            "support": {
                "issues": "https://github.com/sirn-se/websocket-php/issues",
                "source": "https://github.com/sirn-se/websocket-php/tree/3.6.0"
            },
            "time": "2025-09-08T16:21:41+00:00"
        },
        {
            "name": "psr/http-factory",
            "version": "1.1.0",
            "source": {
                "type": "git",
                "url": "https://github.com/php-fig/http-factory.git",
                "reference": "2b4765fddfe3b508ac62f829e852b1501d3f6e8a"
            },
            "dist": {
                "type": "zip",
                "url": "https://api.github.com/repos/php-fig/http-factory/zipball/2b4765fddfe3b508ac62f829e852b1501d3f6e8a",
                "reference": "2b4765fddfe3b508ac62f829e852b1501d3f6e8a",
                "shasum": ""
            },
            "require": {
                "php": ">=7.1",
                "psr/http-message": "^1.0 || ^2.0"
            },
            "type": "library",
            "extra": {
                "branch-alias": {
                    "dev-master": "1.0.x-dev"
                }
            },
            "autoload": {
                "psr-4": {
                    "Psr\\Http\\Message\\": "src/"
                }
            },
            "notification-url": "https://packagist.org/downloads/",
            "license": [
                "MIT"
            ],
            "authors": [
                {
                    "name": "PHP-FIG",
                    "homepage": "https://www.php-fig.org/"
                }
            ],
            "description": "PSR-17: Common interfaces for PSR-7 HTTP message factories",
            "keywords": [
                "factory",
                "http",
                "message",
                "psr",
                "psr-17",
                "psr-7",
                "request",
                "response"
            ],
            "support": {
                "source": "https://github.com/php-fig/http-factory"
            },
            "time": "2024-04-15T12:06:14+00:00"
        },
        {
            "name": "psr/http-message",
            "version": "2.0",
            "source": {
                "type": "git",
                "url": "https://github.com/php-fig/http-message.git",
                "reference": "402d35bcb92c70c026d1a6a9883f06b2ead23d71"
            },
            "dist": {
                "type": "zip",
                "url": "https://api.github.com/repos/php-fig/http-message/zipball/402d35bcb92c70c026d1a6a9883f06b2ead23d71",
                "reference": "402d35bcb92c70c026d1a6a9883f06b2ead23d71",
                "shasum": ""
            },
            "require": {
                "php": "^7.2 || ^8.0"
            },
            "type": "library",
            "extra": {
                "branch-alias": {
                    "dev-master": "2.0.x-dev"
                }
            },
            "autoload": {
                "psr-4": {
                    "Psr\\Http\\Message\\": "src/"
                }
            },
            "notification-url": "https://packagist.org/downloads/",
            "license": [
                "MIT"
            ],
            "authors": [
                {
                    "name": "PHP-FIG",
                    "homepage": "https://www.php-fig.org/"
                }
            ],
            "description": "Common interface for HTTP messages",
            "homepage": "https://github.com/php-fig/http-message",
            "keywords": [
                "http",
                "http-message",
                "psr",
                "psr-7",
                "request",
                "response"
            ],
            "support": {
                "source": "https://github.com/php-fig/http-message/tree/2.0"
            },
            "time": "2023-04-04T09:54:51+00:00"
        },
        {
            "name": "psr/log",
            "version": "3.0.2",
            "source": {
                "type": "git",
                "url": "https://github.com/php-fig/log.git",
                "reference": "f16e1d5863e37f8d8c2a01719f5b34baa2b714d3"
            },
            "dist": {
                "type": "zip",
                "url": "https://api.github.com/repos/php-fig/log/zipball/f16e1d5863e37f8d8c2a01719f5b34baa2b714d3",
                "reference": "f16e1d5863e37f8d8c2a01719f5b34baa2b714d3",
                "shasum": ""
            },
            "require": {
                "php": ">=8.0.0"
            },
            "type": "library",
            "extra": {
                "branch-alias": {
                    "dev-master": "3.x-dev"
                }
            },
            "autoload": {
                "psr-4": {
                    "Psr\\Log\\": "src"
                }
            },
            "notification-url": "https://packagist.org/downloads/",
            "license": [
                "MIT"
            ],
            "authors": [
                {
                    "name": "PHP-FIG",
                    "homepage": "https://www.php-fig.org/"
                }
            ],
            "description": "Common interface for logging libraries",
            "homepage": "https://github.com/php-fig/log",
            "keywords": [
                "log",
                "psr",
                "psr-3"
            ],
            "support": {
                "source": "https://github.com/php-fig/log/tree/3.0.2"
            },
            "time": "2024-09-11T13:17:53+00:00"
        },
        {
            "name": "tecnickcom/tcpdf",
            "version": "6.10.0",
            "source": {
                "type": "git",
                "url": "https://github.com/tecnickcom/TCPDF.git",
                "reference": "ca5b6de294512145db96bcbc94e61696599c391d"
            },
            "dist": {
                "type": "zip",
                "url": "https://api.github.com/repos/tecnickcom/TCPDF/zipball/ca5b6de294512145db96bcbc94e61696599c391d",
                "reference": "ca5b6de294512145db96bcbc94e61696599c391d",
                "shasum": ""
            },
            "require": {
                "ext-curl": "*",
                "php": ">=7.1.0"
            },
            "type": "library",
            "autoload": {
                "classmap": [
                    "config",
                    "include",
                    "tcpdf.php",
                    "tcpdf_barcodes_1d.php",
                    "tcpdf_barcodes_2d.php",
                    "include/tcpdf_colors.php",
                    "include/tcpdf_filters.php",
                    "include/tcpdf_font_data.php",
                    "include/tcpdf_fonts.php",
                    "include/tcpdf_images.php",
                    "include/tcpdf_static.php",
                    "include/barcodes/datamatrix.php",
                    "include/barcodes/pdf417.php",
                    "include/barcodes/qrcode.php"
                ]
            },
            "notification-url": "https://packagist.org/downloads/",
            "license": [
                "LGPL-3.0-or-later"
            ],
            "authors": [
                {
                    "name": "Nicola Asuni",
                    "email": "info@tecnick.com",
                    "role": "lead"
                }
            ],
            "description": "TCPDF is a PHP class for generating PDF documents and barcodes.",
            "homepage": "http://www.tcpdf.org/",
            "keywords": [
                "PDFD32000-2008",
                "TCPDF",
                "barcodes",
                "datamatrix",
                "pdf",
                "pdf417",
                "qrcode"
            ],
            "support": {
                "issues": "https://github.com/tecnickcom/TCPDF/issues",
                "source": "https://github.com/tecnickcom/TCPDF/tree/6.10.0"
            },
            "funding": [
                {
                    "url": "https://www.paypal.com/donate/?hosted_button_id=NZUEC5XS8MFBJ",
                    "type": "custom"
                }
            ],
            "time": "2025-05-27T18:02:28+00:00"
        }
    ],
    "packages-dev": [],
    "aliases": [],
    "minimum-stability": "stable",
    "stability-flags": {},
    "prefer-stable": false,
    "prefer-lowest": false,
    "platform": {
        "php": ">=8.2"
    },
    "platform-dev": {},
    "plugin-api-version": "2.6.0"
}
