{
    "_readme": [
        "This file locks the dependencies of your project to a known state",
        "Read more about it at https://getcomposer.org/doc/01-basic-usage.md#installing-dependencies",
        "This file is @generated automatically"
    ],
    "content-hash": "5c3df7bceb770cd13e1f582b6dcc2ff5",
    "packages": [
        {
            "name": "karriere/pdf-merge",
            "version": "dev-master",
            "source": {
                "type": "git",
                "url": "https://github.com/Icinga/pdf-merge.git",
                "reference": "2903a4fda88466527bbafdfcc4d044e2b00a872f"
            },
            "dist": {
                "type": "zip",
                "url": "https://api.github.com/repos/Icinga/pdf-merge/zipball/2903a4fda88466527bbafdfcc4d044e2b00a872f",
                "reference": "2903a4fda88466527bbafdfcc4d044e2b00a872f",
                "shasum": ""
            },
            "require": {
                "php": "8.2.* | 8.3.* | 8.4.* | 8.5.*",
                "tecnickcom/tcpdf": "^6.3"
            },
            "require-dev": {
                "laravel/pint": "^1.5 | ^1.6",
                "pestphp/pest": "^1.22",
                "phpstan/phpstan": "^1.10"
            },
            "default-branch": true,
            "type": "library",
            "autoload": {
                "psr-4": {
                    "Karriere\\PdfMerge\\": "src/"
                },
                "classmap": [
                    "tcpi/fpdf_tpl.php",
                    "tcpi/tcpdi.php",
                    "tcpi/tcpdi_parser.php"
                ]
            },
            "autoload-dev": {
                "psr-4": {
                    "Karriere\\PdfMerge\\Tests\\": "tests"
                }
            },
            "scripts": {
                "analyse": [
                    "phpstan analyse --memory-limit 512M"
                ],
                "lint": [
                    "pint --test"
                ],
                "lint:verbose": [
                    "pint -v --test"
                ],
                "fix": [
                    "pint"
                ],
                "test": [
                    "vendor/bin/pest"
                ],
                "coverage": [
                    "vendor/bin/pest --coverage --ci --coverage-html coverage --coverage-clover coverage.xml --log-junit junit.xml"
                ],
                "report": [
                    "vendor/bin/pest --coverage"
                ],
                "report:html": [
                    "vendor/bin/pest --coverage --coverage-html coverage"
                ]
            },
            "license": [
                "Apache-2.0"
            ],
            "authors": [
                {
                    "name": "Alexander Lentner",
                    "email": "alexander.lentner@karriere.at",
                    "role": "Maintainer"
                }
            ],
            "description": "A wrapper for the TCPDF class that provides an elegant API for merging PDFs",
            "keywords": [
                "merge",
                "pdf"
            ],
            "support": {
                "source": "https://github.com/Icinga/pdf-merge/tree/master"
            },
            "time": "2026-01-19T15:39:37+00:00"
        },
        {
            "name": "phrity/comparison",
            "version": "1.4.1",
            "source": {
                "type": "git",
                "url": "https://github.com/sirn-se/phrity-comparison.git",
                "reference": "cf80abb822537eeaaeb4142157cd667ca6372a13"
            },
            "dist": {
                "type": "zip",
                "url": "https://api.github.com/repos/sirn-se/phrity-comparison/zipball/cf80abb822537eeaaeb4142157cd667ca6372a13",
                "reference": "cf80abb822537eeaaeb4142157cd667ca6372a13",
                "shasum": ""
            },
            "require": {
                "php": "^8.1"
            },
            "require-dev": {
                "phpstan/phpstan": "^2.0",
                "phpunit/phpunit": "^10.0 || ^11.0 || ^12.0",
                "robiningelbrecht/phpunit-coverage-tools": "^1.9",
                "squizlabs/php_codesniffer": "^3.5 || ^4.0"
            },
            "type": "library",
            "autoload": {
                "psr-4": {
                    "Phrity\\Comparison\\": "src/"
                }
            },
            "notification-url": "https://packagist.org/downloads/",
            "license": [
                "MIT"
            ],
            "authors": [
                {
                    "name": "Sören Jensen",
                    "email": "sirn@sirn.se",
                    "homepage": "https://phrity.sirn.se"
                }
            ],
            "description": "Interfaces and helper trait for comparing objects. Comparator for sort and filter applications.",
            "homepage": "https://phrity.sirn.se/comparison",
            "keywords": [
                "comparable",
                "comparator",
                "comparison",
                "equalable",
                "filter",
                "sort"
            ],
            "support": {
                "issues": "https://github.com/sirn-se/phrity-comparison/issues",
                "source": "https://github.com/sirn-se/phrity-comparison/tree/1.4.1"
            },
            "time": "2025-12-05T07:38:30+00:00"
        },
        {
            "name": "phrity/http",
            "version": "1.0.1",
            "source": {
                "type": "git",
                "url": "https://github.com/sirn-se/phrity-http.git",
                "reference": "8f9d8eb92cd34cf7b9ec092b45730ec3ba668937"
            },
            "dist": {
                "type": "zip",
                "url": "https://api.github.com/repos/sirn-se/phrity-http/zipball/8f9d8eb92cd34cf7b9ec092b45730ec3ba668937",
                "reference": "8f9d8eb92cd34cf7b9ec092b45730ec3ba668937",
                "shasum": ""
            },
            "require": {
                "php": "^8.1",
                "psr/http-factory": "^1.0",
                "psr/http-message": "^1.1 || ^2.0"
            },
            "require-dev": {
                "guzzlehttp/psr7": "^2.0",
                "phpstan/phpstan": "^2.0",
                "phpunit/phpunit": "^10.0 || ^11.0 || ^12.0",
                "robiningelbrecht/phpunit-coverage-tools": "^1.9",
                "squizlabs/php_codesniffer": "^3.5 || ^4.0"
            },
            "type": "library",
            "autoload": {
                "psr-4": {
                    "Phrity\\Http\\": "src/"
                }
            },
            "notification-url": "https://packagist.org/downloads/",
            "license": [
                "MIT"
            ],
            "authors": [
                {
                    "name": "Sören Jensen",
                    "email": "sirn@sirn.se",
                    "homepage": "https://phrity.sirn.se"
                }
            ],
            "description": "Utilities and interfaces for handling HTTP.",
            "homepage": "https://phrity.sirn.se/http",
            "keywords": [
                "HTTP Factories",
                "http",
                "psr-17"
            ],
            "support": {
                "issues": "https://github.com/sirn-se/phrity-http/issues",
                "source": "https://github.com/sirn-se/phrity-http/tree/1.0.1"
            },
            "time": "2025-12-05T10:19:08+00:00"
        },
        {
            "name": "phrity/net-stream",
            "version": "2.3.2",
            "source": {
                "type": "git",
                "url": "https://github.com/sirn-se/phrity-net-stream.git",
                "reference": "6d220446043c0b2bf512cfd89caa2494ad9afdd1"
            },
            "dist": {
                "type": "zip",
                "url": "https://api.github.com/repos/sirn-se/phrity-net-stream/zipball/6d220446043c0b2bf512cfd89caa2494ad9afdd1",
                "reference": "6d220446043c0b2bf512cfd89caa2494ad9afdd1",
                "shasum": ""
            },
            "require": {
                "php": "^8.1",
                "phrity/util-errorhandler": "^1.1",
                "psr/http-factory": "^1.0",
                "psr/http-message": "^1.1 || ^2.0"
            },
            "require-dev": {
                "phpstan/phpstan": "^2.0",
                "phpunit/phpunit": "^10.0 || ^11.0 || ^12.0",
                "phrity/net-uri": "^2.0",
                "robiningelbrecht/phpunit-coverage-tools": "^1.9",
                "squizlabs/php_codesniffer": "^3.5 || ^4.0"
            },
            "type": "library",
            "autoload": {
                "psr-4": {
                    "Phrity\\Net\\": "src/"
                }
            },
            "notification-url": "https://packagist.org/downloads/",
            "license": [
                "MIT"
            ],
            "authors": [
                {
                    "name": "Sören Jensen",
                    "email": "sirn@sirn.se",
                    "homepage": "https://phrity.sirn.se"
                }
            ],
            "description": "Socket stream classes implementing PSR-7 Stream and PSR-17 StreamFactory",
            "homepage": "https://phrity.sirn.se/net-stream",
            "keywords": [
                "Socket",
                "client",
                "psr-17",
                "psr-7",
                "server",
                "stream",
                "stream factory"
            ],
            "support": {
                "issues": "https://github.com/sirn-se/phrity-net-stream/issues",
                "source": "https://github.com/sirn-se/phrity-net-stream/tree/2.3.2"
            },
            "time": "2025-12-06T12:42:13+00:00"
        },
        {
            "name": "phrity/net-uri",
            "version": "2.2.1",
            "source": {
                "type": "git",
                "url": "https://github.com/sirn-se/phrity-net-uri.git",
                "reference": "0737de026b75177ae302ac9fdbbd0ffc2610f3b8"
            },
            "dist": {
                "type": "zip",
                "url": "https://api.github.com/repos/sirn-se/phrity-net-uri/zipball/0737de026b75177ae302ac9fdbbd0ffc2610f3b8",
                "reference": "0737de026b75177ae302ac9fdbbd0ffc2610f3b8",
                "shasum": ""
            },
            "require": {
                "ext-mbstring": "*",
                "php": "^8.1",
                "phrity/comparison": "^1.0",
                "psr/http-factory": "^1.0",
                "psr/http-message": "^1.1 | ^2.0"
            },
            "require-dev": {
                "phpstan/phpstan": "^2.0",
                "phpunit/phpunit": "^10.0 || ^11.0 || ^12.0",
                "phrity/util-errorhandler": "^1.1",
                "robiningelbrecht/phpunit-coverage-tools": "^1.9",
                "squizlabs/php_codesniffer": "^3.5 || ^4.0"
            },
            "suggest": {
                "ext-intl": "Enables IDN conversion for non-ASCII domains"
            },
            "type": "library",
            "autoload": {
                "psr-4": {
                    "Phrity\\Net\\": "src/"
                }
            },
            "notification-url": "https://packagist.org/downloads/",
            "license": [
                "MIT"
            ],
            "authors": [
                {
                    "name": "Sören Jensen",
                    "email": "sirn@sirn.se",
                    "homepage": "https://phrity.sirn.se"
                }
            ],
            "description": "PSR-7 Uri and PSR-17 UriFactory implementation",
            "homepage": "https://phrity.sirn.se/net-uri",
            "keywords": [
                "psr-17",
                "psr-7",
                "uri",
                "uri factory"
            ],
            "support": {
                "issues": "https://github.com/sirn-se/phrity-net-uri/issues",
                "source": "https://github.com/sirn-se/phrity-net-uri/tree/2.2.1"
            },
            "time": "2025-12-05T10:39:22+00:00"
        },
        {
            "name": "phrity/util-errorhandler",
            "version": "1.2.2",
            "source": {
                "type": "git",
                "url": "https://github.com/sirn-se/phrity-util-errorhandler.git",
                "reference": "70a669cc22db2eed6a109ec66fd95168a4332c9b"
            },
            "dist": {
                "type": "zip",
                "url": "https://api.github.com/repos/sirn-se/phrity-util-errorhandler/zipball/70a669cc22db2eed6a109ec66fd95168a4332c9b",
                "reference": "70a669cc22db2eed6a109ec66fd95168a4332c9b",
                "shasum": ""
            },
            "require": {
                "php": "^8.1"
            },
            "require-dev": {
                "phpstan/phpstan": "^2.0",
                "phpunit/phpunit": "^10.0 || ^11.0 || ^12.0",
                "robiningelbrecht/phpunit-coverage-tools": "^1.9",
                "squizlabs/php_codesniffer": "^3.5 || ^4.0"
            },
            "type": "library",
            "autoload": {
                "psr-4": {
                    "Phrity\\Util\\": "src/"
                }
            },
            "notification-url": "https://packagist.org/downloads/",
            "license": [
                "MIT"
            ],
            "authors": [
                {
                    "name": "Sören Jensen",
                    "email": "sirn@sirn.se",
                    "homepage": "https://phrity.sirn.se"
                }
            ],
            "description": "Inline error handler; catch and resolve errors for code block.",
            "homepage": "https://phrity.sirn.se/util-errorhandler",
            "keywords": [
                "error",
                "warning"
            ],
            "support": {
                "issues": "https://github.com/sirn-se/phrity-util-errorhandler/issues",
                "source": "https://github.com/sirn-se/phrity-util-errorhandler/tree/1.2.2"
            },
            "time": "2025-12-05T21:25:36+00:00"
        },
        {
            "name": "phrity/websocket",
            "version": "3.6.2",
            "source": {
                "type": "git",
                "url": "https://github.com/sirn-se/websocket-php.git",
                "reference": "b9816ed2b4a10c8c42bd0b6398044ab506869756"
            },
            "dist": {
                "type": "zip",
                "url": "https://api.github.com/repos/sirn-se/websocket-php/zipball/b9816ed2b4a10c8c42bd0b6398044ab506869756",
                "reference": "b9816ed2b4a10c8c42bd0b6398044ab506869756",
                "shasum": ""
            },
            "require": {
                "php": "^8.1",
                "phrity/http": "^1.0",
                "phrity/net-stream": "^2.3",
                "phrity/net-uri": "^2.1",
                "psr/http-message": "^1.1 | ^2.0",
                "psr/log": "^1.0 || ^2.0 || ^3.0"
            },
            "require-dev": {
                "guzzlehttp/psr7": "^2.0",
                "phpstan/phpstan": "^2.0",
                "phpunit/phpunit": "^10.0 || ^11.0 || ^12.0",
                "phrity/logger-console": "^1.0",
                "phrity/net-mock": "^2.3",
                "phrity/util-errorhandler": "^1.1",
                "robiningelbrecht/phpunit-coverage-tools": "^1.9",
                "squizlabs/php_codesniffer": "^3.5 || ^4.0"
            },
            "type": "library",
            "autoload": {
                "psr-4": {
                    "WebSocket\\": "src/"
                }
            },
            "notification-url": "https://packagist.org/downloads/",
            "license": [
                "ISC"
            ],
            "authors": [
                {
                    "name": "Fredrik Liljegren"
                },
                {
                    "name": "Sören Jensen",
                    "email": "sirn@sirn.se",
                    "homepage": "https://phrity.sirn.se"
                }
            ],
            "description": "WebSocket client and server",
            "homepage": "https://phrity.sirn.se/websocket",
            "keywords": [
                "client",
                "server",
                "websocket"
            ],
            "support": {
                "issues": "https://github.com/sirn-se/websocket-php/issues",
                "source": "https://github.com/sirn-se/websocket-php/tree/3.6.2"
            },
            "time": "2025-12-21T09:58:16+00:00"
        },
        {
            "name": "psr/http-factory",
            "version": "1.1.0",
            "source": {
                "type": "git",
                "url": "https://github.com/php-fig/http-factory.git",
                "reference": "2b4765fddfe3b508ac62f829e852b1501d3f6e8a"
            },
            "dist": {
                "type": "zip",
                "url": "https://api.github.com/repos/php-fig/http-factory/zipball/2b4765fddfe3b508ac62f829e852b1501d3f6e8a",
                "reference": "2b4765fddfe3b508ac62f829e852b1501d3f6e8a",
                "shasum": ""
            },
            "require": {
                "php": ">=7.1",
                "psr/http-message": "^1.0 || ^2.0"
            },
            "type": "library",
            "extra": {
                "branch-alias": {
                    "dev-master": "1.0.x-dev"
                }
            },
            "autoload": {
                "psr-4": {
                    "Psr\\Http\\Message\\": "src/"
                }
            },
            "notification-url": "https://packagist.org/downloads/",
            "license": [
                "MIT"
            ],
            "authors": [
                {
                    "name": "PHP-FIG",
                    "homepage": "https://www.php-fig.org/"
                }
            ],
            "description": "PSR-17: Common interfaces for PSR-7 HTTP message factories",
            "keywords": [
                "factory",
                "http",
                "message",
                "psr",
                "psr-17",
                "psr-7",
                "request",
                "response"
            ],
            "support": {
                "source": "https://github.com/php-fig/http-factory"
            },
            "time": "2024-04-15T12:06:14+00:00"
        },
        {
            "name": "psr/http-message",
            "version": "2.0",
            "source": {
                "type": "git",
                "url": "https://github.com/php-fig/http-message.git",
                "reference": "402d35bcb92c70c026d1a6a9883f06b2ead23d71"
            },
            "dist": {
                "type": "zip",
                "url": "https://api.github.com/repos/php-fig/http-message/zipball/402d35bcb92c70c026d1a6a9883f06b2ead23d71",
                "reference": "402d35bcb92c70c026d1a6a9883f06b2ead23d71",
                "shasum": ""
            },
            "require": {
                "php": "^7.2 || ^8.0"
            },
            "type": "library",
            "extra": {
                "branch-alias": {
                    "dev-master": "2.0.x-dev"
                }
            },
            "autoload": {
                "psr-4": {
                    "Psr\\Http\\Message\\": "src/"
                }
            },
            "notification-url": "https://packagist.org/downloads/",
            "license": [
                "MIT"
            ],
            "authors": [
                {
                    "name": "PHP-FIG",
                    "homepage": "https://www.php-fig.org/"
                }
            ],
            "description": "Common interface for HTTP messages",
            "homepage": "https://github.com/php-fig/http-message",
            "keywords": [
                "http",
                "http-message",
                "psr",
                "psr-7",
                "request",
                "response"
            ],
            "support": {
                "source": "https://github.com/php-fig/http-message/tree/2.0"
            },
            "time": "2023-04-04T09:54:51+00:00"
        },
        {
            "name": "psr/log",
            "version": "3.0.2",
            "source": {
                "type": "git",
                "url": "https://github.com/php-fig/log.git",
                "reference": "f16e1d5863e37f8d8c2a01719f5b34baa2b714d3"
            },
            "dist": {
                "type": "zip",
                "url": "https://api.github.com/repos/php-fig/log/zipball/f16e1d5863e37f8d8c2a01719f5b34baa2b714d3",
                "reference": "f16e1d5863e37f8d8c2a01719f5b34baa2b714d3",
                "shasum": ""
            },
            "require": {
                "php": ">=8.0.0"
            },
            "type": "library",
            "extra": {
                "branch-alias": {
                    "dev-master": "3.x-dev"
                }
            },
            "autoload": {
                "psr-4": {
                    "Psr\\Log\\": "src"
                }
            },
            "notification-url": "https://packagist.org/downloads/",
            "license": [
                "MIT"
            ],
            "authors": [
                {
                    "name": "PHP-FIG",
                    "homepage": "https://www.php-fig.org/"
                }
            ],
            "description": "Common interface for logging libraries",
            "homepage": "https://github.com/php-fig/log",
            "keywords": [
                "log",
                "psr",
                "psr-3"
            ],
            "support": {
                "source": "https://github.com/php-fig/log/tree/3.0.2"
            },
            "time": "2024-09-11T13:17:53+00:00"
        },
        {
            "name": "tecnickcom/tcpdf",
            "version": "6.10.0",
            "source": {
                "type": "git",
                "url": "https://github.com/tecnickcom/TCPDF.git",
                "reference": "ca5b6de294512145db96bcbc94e61696599c391d"
            },
            "dist": {
                "type": "zip",
                "url": "https://api.github.com/repos/tecnickcom/TCPDF/zipball/ca5b6de294512145db96bcbc94e61696599c391d",
                "reference": "ca5b6de294512145db96bcbc94e61696599c391d",
                "shasum": ""
            },
            "require": {
                "ext-curl": "*",
                "php": ">=7.1.0"
            },
            "type": "library",
            "autoload": {
                "classmap": [
                    "config",
                    "include",
                    "tcpdf.php",
                    "tcpdf_barcodes_1d.php",
                    "tcpdf_barcodes_2d.php",
                    "include/tcpdf_colors.php",
                    "include/tcpdf_filters.php",
                    "include/tcpdf_font_data.php",
                    "include/tcpdf_fonts.php",
                    "include/tcpdf_images.php",
                    "include/tcpdf_static.php",
                    "include/barcodes/datamatrix.php",
                    "include/barcodes/pdf417.php",
                    "include/barcodes/qrcode.php"
                ]
            },
            "notification-url": "https://packagist.org/downloads/",
            "license": [
                "LGPL-3.0-or-later"
            ],
            "authors": [
                {
                    "name": "Nicola Asuni",
                    "email": "info@tecnick.com",
                    "role": "lead"
                }
            ],
            "description": "TCPDF is a PHP class for generating PDF documents and barcodes.",
            "homepage": "http://www.tcpdf.org/",
            "keywords": [
                "PDFD32000-2008",
                "TCPDF",
                "barcodes",
                "datamatrix",
                "pdf",
                "pdf417",
                "qrcode"
            ],
            "support": {
                "issues": "https://github.com/tecnickcom/TCPDF/issues",
                "source": "https://github.com/tecnickcom/TCPDF/tree/6.10.0"
            },
            "funding": [
                {
                    "url": "https://www.paypal.com/donate/?hosted_button_id=NZUEC5XS8MFBJ",
                    "type": "custom"
                }
            ],
            "time": "2025-05-27T18:02:28+00:00"
        }
    ],
    "packages-dev": [],
    "aliases": [],
    "minimum-stability": "stable",
    "stability-flags": {
        "karriere/pdf-merge": 20
    },
    "prefer-stable": false,
    "prefer-lowest": false,
    "platform": {
        "php": ">=8.2"
    },
    "platform-dev": {},
    "plugin-api-version": "2.9.0"
}
